github.com/BurntSushi/xgb v0.0.0-20160522181843-27f122750802/go.mod h1:IVnqGOEym/WlBOVXweHU+Q+/VP0lqqI8lqeDx9IjBqo=
github.com/sjwhitworth/golearn v0.0.0-20190323185925-82e59c89f502 h1:fa5e/wC854LB9o10tBPQrLaeW0m9nSLafDnln4Z/wZ0=
github.com/sjwhitworth/golearn v0.0.0-20190323185925-82e59c89f502/go.mod h1:5XM+nkzGfErqVD/UT/J61wyPEUqlCDq1Sbm6mzjs7LI=
gonum.org/v1/gonum v0.0.0-20190608115022-c5f01565d866 h1:FqYrBXUEWecz6YveEJaEVE2Hz7IZuKxUbyXGn//xmEs=
gonum.org/v1/gonum v0.0.0-20190608115022-c5f01565d866/go.mod h1:zXcK6UmEkbNk22MqyPrZPx3T6fsE/O56XzkDfeYUF+Y=
gonum.org/v1/netlib v0.0.0-20190313105609-8cb42192e0e0/go.mod h1:wa6Ws7BG/ESfp6dHfk7C6KdzKA7wR7u/rKwOGE66zvw=
